github.com/brady-wang/gee v0.0.2 h1:o9KJ9DOtR6+uuEfdNzTA2MVJJSl76KrbaxS17ITy4sM=
github.com/brady-wang/gee v0.0.2/go.mod h1:mAgrRhfUFAr1hJVfMwuR8v9xsT67A6df8SOUV8SoVhY=
github.com/brady-wang/go-tools v0.0.3 h1:tdJFFpZVwRQZmNK/+UKA52jUuTJdS1uIbbXSS6w/q9k=
github.com/brady-wang/go-tools v0.0.3/go.mod h1:U2iH/ZhLxkPc/3a/O+BxUH5TBZl8NZLTlu7lidpoC7c=
